{
    "_meta": {
        "hash": {
            "sha256": "57ba7203ce02cbd1f9673b7c221d3363e4923d2a5ea8b2bdd30161a5f0662b9d"
        },
        "pipfile-spec": 6,
        "requires": {
            "python_version": "3.11"
        },
        "sources": [
            {
                "name": "pypi",
                "url": "https://pypi.org/simple",
                "verify_ssl": true
            }
        ]
    },
    "default": {
        "genetic-algorithm": {
            "editable": true,
            "git": "https://github.com/javidahmed64592/genetic-algorithm",
            "ref": "ccbac01df1fee5f34f7b1b47043a8550c48a9d61"
        },
        "neural-network": {
            "editable": true,
            "git": "https://github.com/javidahmed64592/neural-network",
            "ref": "ec35745a63c34ec6ccd4e1d950a9bd33aba967ed"
        },
        "numpy": {
            "hashes": [
                "sha256:03a8c78d01d9781b28a6989f6fa1bb2c4f2d51201cf99d3dd875df6fbd96b23b",
                "sha256:08beddf13648eb95f8d867350f6a018a4be2e5ad54c8d8caed89ebca558b2818",
                "sha256:1af303d6b2210eb850fcf03064d364652b7120803a0b872f5211f5234b399f20",
                "sha256:1dda2e7b4ec9dd512f84935c5f126c8bd8b9f2fc001e9f54af255e8c5f16b0e0",
                "sha256:2a02aba9ed12e4ac4eb3ea9421c420301a0c6460d9830d74a9df87efa4912010",
                "sha256:2e4ee3380d6de9c9ec04745830fd9e2eccb3e6cf790d39d7b98ffd19b0dd754a",
                "sha256:3373d5d70a5fe74a2c1bb6d2cfd9609ecf686d47a2d7b1d37a8f3b6bf6003aea",
                "sha256:47711010ad8555514b434df65f7d7b076bb8261df1ca9bb78f53d3b2db02e95c",
                "sha256:4c66707fabe114439db9068ee468c26bbdf909cac0fb58686a42a24de1760c71",
                "sha256:50193e430acfc1346175fcbdaa28ffec49947a06918b7b92130744e81e640110",
                "sha256:52b8b60467cd7dd1e9ed082188b4e6bb35aa5cdd01777621a1658910745b90be",
                "sha256:60dedbb91afcbfdc9bc0b1f3f402804070deed7392c23eb7a7f07fa857868e8a",
                "sha256:62b8e4b1e28009ef2846b4c7852046736bab361f7aeadeb6a5b89ebec3c7055a",
                "sha256:666dbfb6ec68962c033a450943ded891bed2d54e6755e35e5835d63f4f6931d5",
                "sha256:675d61ffbfa78604709862923189bad94014bef562cc35cf61d3a07bba02a7ed",
                "sha256:679b0076f67ecc0138fd2ede3a8fd196dddc2ad3254069bcb9faf9a79b1cebcd",
                "sha256:7349ab0fa0c429c82442a27a9673fc802ffdb7c7775fad780226cb234965e53c",
                "sha256:7ab55401287bfec946ced39700c053796e7cc0e3acbef09993a9ad2adba6ca6e",
                "sha256:7e50d0a0cc3189f9cb0aeb3a6a6af18c16f59f004b866cd2be1c14b36134a4a0",
                "sha256:95a7476c59002f2f6c590b9b7b998306fba6a5aa646b1e22ddfeaf8f78c3a29c",
                "sha256:96ff0b2ad353d8f990b63294c8986f1ec3cb19d749234014f4e7eb0112ceba5a",
                "sha256:9fad7dcb1aac3c7f0584a5a8133e3a43eeb2fe127f47e3632d43d677c66c102b",
                "sha256:9ff0f4f29c51e2803569d7a51c2304de5554655a60c5d776e35b4a41413830d0",
                "sha256:a354325ee03388678242a4d7ebcd08b5c727033fcff3b2f536aea978e15ee9e6",
                "sha256:a4abb4f9001ad2858e7ac189089c42178fcce737e4169dc61321660f1a96c7d2",
                "sha256:ab47dbe5cc8210f55aa58e4805fe224dac469cde56b9f731a4c098b91917159a",
                "sha256:afedb719a9dcfc7eaf2287b839d8198e06dcd4cb5d276a3df279231138e83d30",
                "sha256:b3ce300f3644fb06443ee2222c2201dd3a89ea6040541412b8fa189341847218",
                "sha256:b97fe8060236edf3662adfc2c633f56a08ae30560c56310562cb4f95500022d5",
                "sha256:bfe25acf8b437eb2a8b2d49d443800a5f18508cd811fea3181723922a8a82b07",
                "sha256:cd25bcecc4974d09257ffcd1f098ee778f7834c3ad767fe5db785be9a4aa9cb2",
                "sha256:d209d8969599b27ad20994c8e41936ee0964e6da07478d6c35016bc386b66ad4",
                "sha256:d5241e0a80d808d70546c697135da2c613f30e28251ff8307eb72ba696945764",
                "sha256:edd8b5fe47dab091176d21bb6de568acdd906d1887a4584a15a9a96a1dca06ef",
                "sha256:f870204a840a60da0b12273ef34f7051e98c3b5961b61b0c2c1be6dfd64fbcd3",
                "sha256:ffa75af20b44f8dba823498024771d5ac50620e6915abac414251bd971b4529f"
            ],
            "markers": "python_version >= '3.9'",
            "version": "==1.26.4"
        }
    },
    "develop": {
        "ruff": {
            "hashes": [
                "sha256:0b0eddd339e24dc4f7719b1cde4967f6b6bc0ad948cc183711ba8910f14aeafe",
                "sha256:0b20e7db4a672495320a8a18149b7febf4e4f97509a4657367144569ce0915fd",
                "sha256:2d546f511431fff2b17adcf7110f3b2c2c0c8d33b0e10e5fd27fd340bc617efc",
                "sha256:46eff08dd480b5d9b540846159fe134d70e3c45a3c913c600047cbf7f0e4e308",
                "sha256:4ca7a971c8f1a0b6f5ff4a819c0d1c2619536530bbd5a289af725d8b2ef1013d",
                "sha256:5616cca501d1d16b932b7e607d7e1fd1b8c8c51d6ee484b7940fc1adc5bea541",
                "sha256:5e1cf8b064bb2a6b4922af7274fe2dffcb552d96ba716b2fbe5e2c970ed7de18",
                "sha256:70b8c620cf2212744eabd6d69c4f839f2be0d8880d27beaeb0adb6aa0b316aa8",
                "sha256:7457308d9ebf00d6a1c9a26aa755e477787a636c90b823f91cd7d4bea9e89260",
                "sha256:752e0f77f421141dd470a0b1bed4fd8f763aebabe32c80ed3580f740ef4ba807",
                "sha256:84f2a5dd8f33964d826c5377e094f7ce11e55e432cd42d3bf64efe4384224a03",
                "sha256:8584b9361900997ccf8d7aaa4dc4ab43e258a853ca7189d98ac929dc9ee50875",
                "sha256:9911c9046b94253e1fa844c0192bb764b86866a881502dee324686474d498c17",
                "sha256:c7b6b6b38e216036284c5779b6aa14acbf5664e3b5872533219cf93daf40ddfb",
                "sha256:cfa3e3ff53be05a8c5570c1585ea1e089f6b399ca99fcb78598d4a8234f248db",
                "sha256:e70befd488271a2c28c80bd427f73d8855dd222fc549fa1e9967d287c5cfe781",
                "sha256:fea4ec813c965e40af29ee627a1579ee1d827d77e81d54b85bdd7b42d1540cdd"
            ],
            "index": "pypi",
            "version": "==0.4.0"
        }
    }
}
