{
    "_meta": {
        "hash": {
            "sha256": "57ba7203ce02cbd1f9673b7c221d3363e4923d2a5ea8b2bdd30161a5f0662b9d"
        },
        "pipfile-spec": 6,
        "requires": {
            "python_version": "3.11"
        },
        "sources": [
            {
                "name": "pypi",
                "url": "https://pypi.org/simple",
                "verify_ssl": true
            }
        ]
    },
    "default": {
        "genetic-algorithm": {
            "editable": true,
            "git": "https://github.com/javidahmed64592/genetic-algorithm",
            "ref": "8230a75f2640b0f5087069d8e44cf4aad99e73b3"
        },
        "neural-network": {
            "editable": true,
            "git": "https://github.com/javidahmed64592/neural-network",
            "ref": "57755e9d793fb893b08508e0271de6708dbf61fa"
        },
        "numpy": {
            "hashes": [
                "sha256:03a8c78d01d9781b28a6989f6fa1bb2c4f2d51201cf99d3dd875df6fbd96b23b",
                "sha256:08beddf13648eb95f8d867350f6a018a4be2e5ad54c8d8caed89ebca558b2818",
                "sha256:1af303d6b2210eb850fcf03064d364652b7120803a0b872f5211f5234b399f20",
                "sha256:1dda2e7b4ec9dd512f84935c5f126c8bd8b9f2fc001e9f54af255e8c5f16b0e0",
                "sha256:2a02aba9ed12e4ac4eb3ea9421c420301a0c6460d9830d74a9df87efa4912010",
                "sha256:2e4ee3380d6de9c9ec04745830fd9e2eccb3e6cf790d39d7b98ffd19b0dd754a",
                "sha256:3373d5d70a5fe74a2c1bb6d2cfd9609ecf686d47a2d7b1d37a8f3b6bf6003aea",
                "sha256:47711010ad8555514b434df65f7d7b076bb8261df1ca9bb78f53d3b2db02e95c",
                "sha256:4c66707fabe114439db9068ee468c26bbdf909cac0fb58686a42a24de1760c71",
                "sha256:50193e430acfc1346175fcbdaa28ffec49947a06918b7b92130744e81e640110",
                "sha256:52b8b60467cd7dd1e9ed082188b4e6bb35aa5cdd01777621a1658910745b90be",
                "sha256:60dedbb91afcbfdc9bc0b1f3f402804070deed7392c23eb7a7f07fa857868e8a",
                "sha256:62b8e4b1e28009ef2846b4c7852046736bab361f7aeadeb6a5b89ebec3c7055a",
                "sha256:666dbfb6ec68962c033a450943ded891bed2d54e6755e35e5835d63f4f6931d5",
                "sha256:675d61ffbfa78604709862923189bad94014bef562cc35cf61d3a07bba02a7ed",
                "sha256:679b0076f67ecc0138fd2ede3a8fd196dddc2ad3254069bcb9faf9a79b1cebcd",
                "sha256:7349ab0fa0c429c82442a27a9673fc802ffdb7c7775fad780226cb234965e53c",
                "sha256:7ab55401287bfec946ced39700c053796e7cc0e3acbef09993a9ad2adba6ca6e",
                "sha256:7e50d0a0cc3189f9cb0aeb3a6a6af18c16f59f004b866cd2be1c14b36134a4a0",
                "sha256:95a7476c59002f2f6c590b9b7b998306fba6a5aa646b1e22ddfeaf8f78c3a29c",
                "sha256:96ff0b2ad353d8f990b63294c8986f1ec3cb19d749234014f4e7eb0112ceba5a",
                "sha256:9fad7dcb1aac3c7f0584a5a8133e3a43eeb2fe127f47e3632d43d677c66c102b",
                "sha256:9ff0f4f29c51e2803569d7a51c2304de5554655a60c5d776e35b4a41413830d0",
                "sha256:a354325ee03388678242a4d7ebcd08b5c727033fcff3b2f536aea978e15ee9e6",
                "sha256:a4abb4f9001ad2858e7ac189089c42178fcce737e4169dc61321660f1a96c7d2",
                "sha256:ab47dbe5cc8210f55aa58e4805fe224dac469cde56b9f731a4c098b91917159a",
                "sha256:afedb719a9dcfc7eaf2287b839d8198e06dcd4cb5d276a3df279231138e83d30",
                "sha256:b3ce300f3644fb06443ee2222c2201dd3a89ea6040541412b8fa189341847218",
                "sha256:b97fe8060236edf3662adfc2c633f56a08ae30560c56310562cb4f95500022d5",
                "sha256:bfe25acf8b437eb2a8b2d49d443800a5f18508cd811fea3181723922a8a82b07",
                "sha256:cd25bcecc4974d09257ffcd1f098ee778f7834c3ad767fe5db785be9a4aa9cb2",
                "sha256:d209d8969599b27ad20994c8e41936ee0964e6da07478d6c35016bc386b66ad4",
                "sha256:d5241e0a80d808d70546c697135da2c613f30e28251ff8307eb72ba696945764",
                "sha256:edd8b5fe47dab091176d21bb6de568acdd906d1887a4584a15a9a96a1dca06ef",
                "sha256:f870204a840a60da0b12273ef34f7051e98c3b5961b61b0c2c1be6dfd64fbcd3",
                "sha256:ffa75af20b44f8dba823498024771d5ac50620e6915abac414251bd971b4529f"
            ],
            "markers": "python_version >= '3.9'",
            "version": "==1.26.4"
        }
    },
    "develop": {
        "ruff": {
            "hashes": [
                "sha256:08a0d6a22918ab2552ace96adeaca308833873a4d7d1d587bb1d37bae8728eb3",
                "sha256:0bfc9e955e6dc6359eb6f82ea150c4f4e82b660e5b58d9a20a0e42ec3bb6342b",
                "sha256:18b00e0bcccf0fc8d7186ed21e311dffd19761cb632241a6e4fe4477cc80ef6e",
                "sha256:25cacda2155778beb0d064e0ec5a3944dcca9c12715f7c4634fd9d93ac33fd30",
                "sha256:262f5635e2c74d80b7507fbc2fac28fe0d4fef26373bbc62039526f7722bca1b",
                "sha256:29efff25bf9ee685c2c8390563a5b5c006a3fee5230d28ea39f4f75f9d0b6f2f",
                "sha256:510a67d232d2ebe983fddea324dbf9d69b71c4d2dfeb8a862f4a127536dd4cfb",
                "sha256:71ca5f8ccf1121b95a59649482470c5601c60a416bf189d553955b0338e34614",
                "sha256:7363691198719c26459e08cc17c6a3dac6f592e9ea3d2fa772f4e561b5fe82a3",
                "sha256:7a1c3a450bc6539ef00da6c819fb1b76b6b065dec585f91456e7c0d6a0bbc725",
                "sha256:819fb06d535cc76dfddbfe8d3068ff602ddeb40e3eacbc90e0d1272bb8d97113",
                "sha256:927b11c1e4d0727ce1a729eace61cee88a334623ec424c0b1c8fe3e5f9d3c865",
                "sha256:b70800c290f14ae6fcbb41bbe201cf62dfca024d124a1f373e76371a007454ce",
                "sha256:dc9ff11cd9a092ee7680a56d21f302bdda14327772cd870d806610a3503d001f",
                "sha256:eba1f14df3c758dd7de5b55fbae7e1c8af238597961e5fb628f3de446c3c40c5",
                "sha256:eeb039f8428fcb6725bb63cbae92ad67b0559e68b5d80f840f11914afd8ddf7f",
                "sha256:ff0a3ef2e3c4b6d133fbedcf9586abfbe38d076041f2dc18ffb2c7e0485d5a07"
            ],
            "index": "pypi",
            "version": "==0.4.3"
        }
    }
}
